
Microsoft Visual Studio Solution File, Format Version 12.00
# Visual Studio Version 17
VisualStudioVersion = 17.5.33502.453
MinimumVisualStudioVersion = 10.0.40219.1
Project("{FAE04EC0-301F-11D3-BF4B-00C04F79EFBC}") = "LabCalc", "LabCalc.csproj", "{14B9535A-351E-4111-86DF-75613FB9194B}"
EndProject
Global
	GlobalSection(SolutionConfigurationPlatforms) = preSolution
		Debug|Any CPU = Debug|Any CPU
		Release|Any CPU = Release|Any CPU
	EndGlobalSection
	GlobalSection(ProjectConfigurationPlatforms) = postSolution
		{14B9535A-351E-4111-86DF-75613FB9194B}.Debug|Any CPU.ActiveCfg = Debug|Any CPU
		{14B9535A-351E-4111-86DF-75613FB9194B}.Debug|Any CPU.Build.0 = Debug|Any CPU
		{14B9535A-351E-4111-86DF-75613FB9194B}.Release|Any CPU.ActiveCfg = Release|Any CPU
		{14B9535A-351E-4111-86DF-75613FB9194B}.Release|Any CPU.Build.0 = Release|Any CPU
	EndGlobalSection
	GlobalSection(SolutionProperties) = preSolution
		HideSolutionNode = FALSE
	EndGlobalSection
	GlobalSection(ExtensibilityGlobals) = postSolution
		SolutionGuid = {2AC8043E-C3CC-425B-996F-E5D95D0C896C}
	EndGlobalSection
EndGlobal
